{
  "name": "note-my-diary",
  "version": "1.0.0",
  "lockfileVersion": 1,
  "requires": true,
  "dependencies": {
    "electron-tabs": {
      "version": "0.9.1",
      "resolved": "https://registry.npmjs.org/electron-tabs/-/electron-tabs-0.9.1.tgz",
      "integrity": "sha1-I65hmbDEzsEmmO4eC3FyztQpUek="
    }
  }
}
